// !$*UTF8*$!
{
	archiveVersion = 1;
	classes = {
	};
	objectVersion = 50;
	objects = {

/* Begin PBXBuildFile section */
		532B48B224623578000FD612 /* us.jpg in Resources */ = {isa = PBXBuildFile; fileRef = 532B48A724623578000FD612 /* us.jpg */; };
		532B48B324623578000FD612 /* australia.jpg in Resources */ = {isa = PBXBuildFile; fileRef = 532B48A824623578000FD612 /* australia.jpg */; };
		532B48B424623578000FD612 /* brazil.jpg in Resources */ = {isa = PBXBuildFile; fileRef = 532B48A924623578000FD612 /* brazil.jpg */; };
		532B48B524623578000FD612 /* canada.jpg in Resources */ = {isa = PBXBuildFile; fileRef = 532B48AA24623578000FD612 /* canada.jpg */; };
		532B48B624623578000FD612 /* germany.jpg in Resources */ = {isa = PBXBuildFile; fileRef = 532B48AB24623578000FD612 /* germany.jpg */; };
		532B48B724623578000FD612 /* spain.jpg in Resources */ = {isa = PBXBuildFile; fileRef = 532B48AC24623578000FD612 /* spain.jpg */; };
		532B48B824623578000FD612 /* france.jpg in Resources */ = {isa = PBXBuildFile; fileRef = 532B48AD24623578000FD612 /* france.jpg */; };
		532B48B924623578000FD612 /* uk.jpg in Resources */ = {isa = PBXBuildFile; fileRef = 532B48AE24623578000FD612 /* uk.jpg */; };
		532B48BA24623578000FD612 /* japan.jpg in Resources */ = {isa = PBXBuildFile; fileRef = 532B48AF24623578000FD612 /* japan.jpg */; };
		532B48BB24623578000FD612 /* ireland.jpg in Resources */ = {isa = PBXBuildFile; fileRef = 532B48B024623578000FD612 /* ireland.jpg */; };
		532B48BC24623578000FD612 /* mexico.jpg in Resources */ = {isa = PBXBuildFile; fileRef = 532B48B124623578000FD612 /* mexico.jpg */; };
		5389A8B12460EE6B005BED68 /* AppDelegate.swift in Sources */ = {isa = PBXBuildFile; fileRef = 5389A8B02460EE6B005BED68 /* AppDelegate.swift */; };
		5389A8B32460EE6B005BED68 /* SceneDelegate.swift in Sources */ = {isa = PBXBuildFile; fileRef = 5389A8B22460EE6B005BED68 /* SceneDelegate.swift */; };
		5389A8B52460EE6B005BED68 /* ViewController.swift in Sources */ = {isa = PBXBuildFile; fileRef = 5389A8B42460EE6B005BED68 /* ViewController.swift */; };
		5389A8B82460EE6B005BED68 /* Main.storyboard in Resources */ = {isa = PBXBuildFile; fileRef = 5389A8B62460EE6B005BED68 /* Main.storyboard */; };
		5389A8BA2460EE6F005BED68 /* Assets.xcassets in Resources */ = {isa = PBXBuildFile; fileRef = 5389A8B92460EE6F005BED68 /* Assets.xcassets */; };
		5389A8BD2460EE6F005BED68 /* LaunchScreen.storyboard in Resources */ = {isa = PBXBuildFile; fileRef = 5389A8BB2460EE6F005BED68 /* LaunchScreen.storyboard */; };
		5389A8DC24611596005BED68 /* FlagViewController.swift in Sources */ = {isa = PBXBuildFile; fileRef = 5389A8DB24611596005BED68 /* FlagViewController.swift */; };
/* End PBXBuildFile section */

/* Begin PBXFileReference section */
		532B48A724623578000FD612 /* us.jpg */ = {isa = PBXFileReference; lastKnownFileType = image.jpeg; path = us.jpg; sourceTree = "<group>"; };
		532B48A824623578000FD612 /* australia.jpg */ = {isa = PBXFileReference; lastKnownFileType = image.jpeg; path = australia.jpg; sourceTree = "<group>"; };
		532B48A924623578000FD612 /* brazil.jpg */ = {isa = PBXFileReference; lastKnownFileType = image.jpeg; path = brazil.jpg; sourceTree = "<group>"; };
		532B48AA24623578000FD612 /* canada.jpg */ = {isa = PBXFileReference; lastKnownFileType = image.jpeg; path = canada.jpg; sourceTree = "<group>"; };
		532B48AB24623578000FD612 /* germany.jpg */ = {isa = PBXFileReference; lastKnownFileType = image.jpeg; path = germany.jpg; sourceTree = "<group>"; };
		532B48AC24623578000FD612 /* spain.jpg */ = {isa = PBXFileReference; lastKnownFileType = image.jpeg; path = spain.jpg; sourceTree = "<group>"; };
		532B48AD24623578000FD612 /* france.jpg */ = {isa = PBXFileReference; lastKnownFileType = image.jpeg; path = france.jpg; sourceTree = "<group>"; };
		532B48AE24623578000FD612 /* uk.jpg */ = {isa = PBXFileReference; lastKnownFileType = image.jpeg; path = uk.jpg; sourceTree = "<group>"; };
		532B48AF24623578000FD612 /* japan.jpg */ = {isa = PBXFileReference; lastKnownFileType = image.jpeg; path = japan.jpg; sourceTree = "<group>"; };
		532B48B024623578000FD612 /* ireland.jpg */ = {isa = PBXFileReference; lastKnownFileType = image.jpeg; path = ireland.jpg; sourceTree = "<group>"; };
		532B48B124623578000FD612 /* mexico.jpg */ = {isa = PBXFileReference; lastKnownFileType = image.jpeg; path = mexico.jpg; sourceTree = "<group>"; };
		5389A8AD2460EE6B005BED68 /* Day23-Challenge.app */ = {isa = PBXFileReference; explicitFileType = wrapper.application; includeInIndex = 0; path = "Day23-Challenge.app"; sourceTree = BUILT_PRODUCTS_DIR; };
		5389A8B02460EE6B005BED68 /* AppDelegate.swift */ = {isa = PBXFileReference; lastKnownFileType = sourcecode.swift; path = AppDelegate.swift; sourceTree = "<group>"; };
		5389A8B22460EE6B005BED68 /* SceneDelegate.swift */ = {isa = PBXFileReference; lastKnownFileType = sourcecode.swift; path = SceneDelegate.swift; sourceTree = "<group>"; };
		5389A8B42460EE6B005BED68 /* ViewController.swift */ = {isa = PBXFileReference; lastKnownFileType = sourcecode.swift; path = ViewController.swift; sourceTree = "<group>"; };
		5389A8B72460EE6B005BED68 /* Base */ = {isa = PBXFileReference; lastKnownFileType = file.storyboard; name = Base; path = Base.lproj/Main.storyboard; sourceTree = "<group>"; };
		5389A8B92460EE6F005BED68 /* Assets.xcassets */ = {isa = PBXFileReference; lastKnownFileType = folder.assetcatalog; path = Assets.xcassets; sourceTree = "<group>"; };
		5389A8BC2460EE6F005BED68 /* Base */ = {isa = PBXFileReference; lastKnownFileType = file.storyboard; name = Base; path = Base.lproj/LaunchScreen.storyboard; sourceTree = "<group>"; };
		5389A8BE2460EE6F005BED68 /* Info.plist */ = {isa = PBXFileReference; lastKnownFileType = text.plist.xml; path = Info.plist; sourceTree = "<group>"; };
		5389A8DB24611596005BED68 /* FlagViewController.swift */ = {isa = PBXFileReference; lastKnownFileType = sourcecode.swift; path = FlagViewController.swift; sourceTree = "<group>"; };
/* End PBXFileReference section */

/* Begin PBXFrameworksBuildPhase section */
		5389A8AA2460EE6B005BED68 /* Frameworks */ = {
			isa = PBXFrameworksBuildPhase;
			buildActionMask = 2147483647;
			files = (
			);
			runOnlyForDeploymentPostprocessing = 0;
		};
/* End PBXFrameworksBuildPhase section */

/* Begin PBXGroup section */
		532B48A624623578000FD612 /* Content */ = {
			isa = PBXGroup;
			children = (
				532B48A724623578000FD612 /* us.jpg */,
				532B48A824623578000FD612 /* australia.jpg */,
				532B48A924623578000FD612 /* brazil.jpg */,
				532B48AA24623578000FD612 /* canada.jpg */,
				532B48AB24623578000FD612 /* germany.jpg */,
				532B48AC24623578000FD612 /* spain.jpg */,
				532B48AD24623578000FD612 /* france.jpg */,
				532B48AE24623578000FD612 /* uk.jpg */,
				532B48AF24623578000FD612 /* japan.jpg */,
				532B48B024623578000FD612 /* ireland.jpg */,
				532B48B124623578000FD612 /* mexico.jpg */,
			);
			name = Content;
			path = ../../../Content;
			sourceTree = "<group>";
		};
		5389A8A42460EE6B005BED68 = {
			isa = PBXGroup;
			children = (
				5389A8AF2460EE6B005BED68 /* Day23-Challenge */,
				5389A8AE2460EE6B005BED68 /* Products */,
			);
			sourceTree = "<group>";
		};
		5389A8AE2460EE6B005BED68 /* Products */ = {
			isa = PBXGroup;
			children = (
				5389A8AD2460EE6B005BED68 /* Day23-Challenge.app */,
			);
			name = Products;
			sourceTree = "<group>";
		};
		5389A8AF2460EE6B005BED68 /* Day23-Challenge */ = {
			isa = PBXGroup;
			children = (
				5389A8B02460EE6B005BED68 /* AppDelegate.swift */,
				5389A8B22460EE6B005BED68 /* SceneDelegate.swift */,
				5389A8B42460EE6B005BED68 /* ViewController.swift */,
				5389A8B62460EE6B005BED68 /* Main.storyboard */,
				5389A8DB24611596005BED68 /* FlagViewController.swift */,
				5389A8B92460EE6F005BED68 /* Assets.xcassets */,
				5389A8BB2460EE6F005BED68 /* LaunchScreen.storyboard */,
				5389A8BE2460EE6F005BED68 /* Info.plist */,
				532B48A624623578000FD612 /* Content */,
			);
			path = "Day23-Challenge";
			sourceTree = "<group>";
		};
/* End PBXGroup section */

/* Begin PBXNativeTarget section */
		5389A8AC2460EE6B005BED68 /* Day23-Challenge */ = {
			isa = PBXNativeTarget;
			buildConfigurationList = 5389A8C12460EE6F005BED68 /* Build configuration list for PBXNativeTarget "Day23-Challenge" */;
			buildPhases = (
				5389A8A92460EE6B005BED68 /* Sources */,
				5389A8AA2460EE6B005BED68 /* Frameworks */,
				5389A8AB2460EE6B005BED68 /* Resources */,
			);
			buildRules = (
			);
			dependencies = (
			);
			name = "Day23-Challenge";
			productName = "Day23-Challenge";
			productReference = 5389A8AD2460EE6B005BED68 /* Day23-Challenge.app */;
			productType = "com.apple.product-type.application";
		};
/* End PBXNativeTarget section */

/* Begin PBXProject section */
		5389A8A52460EE6B005BED68 /* Project object */ = {
			isa = PBXProject;
			attributes = {
				LastSwiftUpdateCheck = 1140;
				LastUpgradeCheck = 1140;
				ORGANIZATIONNAME = "Rafael Dias";
				TargetAttributes = {
					5389A8AC2460EE6B005BED68 = {
						CreatedOnToolsVersion = 11.4.1;
					};
				};
			};
			buildConfigurationList = 5389A8A82460EE6B005BED68 /* Build configuration list for PBXProject "Day23-Challenge" */;
			compatibilityVersion = "Xcode 9.3";
			developmentRegion = en;
			hasScannedForEncodings = 0;
			knownRegions = (
				en,
				Base,
			);
			mainGroup = 5389A8A42460EE6B005BED68;
			productRefGroup = 5389A8AE2460EE6B005BED68 /* Products */;
			projectDirPath = "";
			projectRoot = "";
			targets = (
				5389A8AC2460EE6B005BED68 /* Day23-Challenge */,
			);
		};
/* End PBXProject section */

/* Begin PBXResourcesBuildPhase section */
		5389A8AB2460EE6B005BED68 /* Resources */ = {
			isa = PBXResourcesBuildPhase;
			buildActionMask = 2147483647;
			files = (
				532B48BC24623578000FD612 /* mexico.jpg in Resources */,
				532B48B924623578000FD612 /* uk.jpg in Resources */,
				532B48BB24623578000FD612 /* ireland.jpg in Resources */,
				532B48B824623578000FD612 /* france.jpg in Resources */,
				5389A8BD2460EE6F005BED68 /* LaunchScreen.storyboard in Resources */,
				532B48B724623578000FD612 /* spain.jpg in Resources */,
				532B48B424623578000FD612 /* brazil.jpg in Resources */,
				532B48B224623578000FD612 /* us.jpg in Resources */,
				532B48BA24623578000FD612 /* japan.jpg in Resources */,
				532B48B524623578000FD612 /* canada.jpg in Resources */,
				532B48B324623578000FD612 /* australia.jpg in Resources */,
				532B48B624623578000FD612 /* germany.jpg in Resources */,
				5389A8BA2460EE6F005BED68 /* Assets.xcassets in Resources */,
				5389A8B82460EE6B005BED68 /* Main.storyboard in Resources */,
			);
			runOnlyForDeploymentPostprocessing = 0;
		};
/* End PBXResourcesBuildPhase section */

/* Begin PBXSourcesBuildPhase section */
		5389A8A92460EE6B005BED68 /* Sources */ = {
			isa = PBXSourcesBuildPhase;
			buildActionMask = 2147483647;
			files = (
				5389A8DC24611596005BED68 /* FlagViewController.swift in Sources */,
				5389A8B52460EE6B005BED68 /* ViewController.swift in Sources */,
				5389A8B12460EE6B005BED68 /* AppDelegate.swift in Sources */,
				5389A8B32460EE6B005BED68 /* SceneDelegate.swift in Sources */,
			);
			runOnlyForDeploymentPostprocessing = 0;
		};
/* End PBXSourcesBuildPhase section */

/* Begin PBXVariantGroup section */
		5389A8B62460EE6B005BED68 /* Main.storyboard */ = {
			isa = PBXVariantGroup;
			children = (
				5389A8B72460EE6B005BED68 /* Base */,
			);
			name = Main.storyboard;
			sourceTree = "<group>";
		};
		5389A8BB2460EE6F005BED68 /* LaunchScreen.storyboard */ = {
			isa = PBXVariantGroup;
			children = (
				5389A8BC2460EE6F005BED68 /* Base */,
			);
			name = LaunchScreen.storyboard;
			sourceTree = "<group>";
		};
/* End PBXVariantGroup section */

/* Begin XCBuildConfiguration section */
		5389A8BF2460EE6F005BED68 /* Debug */ = {
			isa = XCBuildConfiguration;
			buildSettings = {
				ALWAYS_SEARCH_USER_PATHS = NO;
				CLANG_ANALYZER_NONNULL = YES;
				CLANG_ANALYZER_NUMBER_OBJECT_CONVERSION = YES_AGGRESSIVE;
				CLANG_CXX_LANGUAGE_STANDARD = "gnu++14";
				CLANG_CXX_LIBRARY = "libc++";
				CLANG_ENABLE_MODULES = YES;
				CLANG_ENABLE_OBJC_ARC = YES;
				CLANG_ENABLE_OBJC_WEAK = YES;
				CLANG_WARN_BLOCK_CAPTURE_AUTORELEASING = YES;
				CLANG_WARN_BOOL_CONVERSION = YES;
				CLANG_WARN_COMMA = YES;
				CLANG_WARN_CONSTANT_CONVERSION = YES;
				CLANG_WARN_DEPRECATED_OBJC_IMPLEMENTATIONS = YES;
				CLANG_WARN_DIRECT_OBJC_ISA_USAGE = YES_ERROR;
				CLANG_WARN_DOCUMENTATION_COMMENTS = YES;
				CLANG_WARN_EMPTY_BODY = YES;
				CLANG_WARN_ENUM_CONVERSION = YES;
				CLANG_WARN_INFINITE_RECURSION = YES;
				CLANG_WARN_INT_CONVERSION = YES;
				CLANG_WARN_NON_LITERAL_NULL_CONVERSION = YES;
				CLANG_WARN_OBJC_IMPLICIT_RETAIN_SELF = YES;
				CLANG_WARN_OBJC_LITERAL_CONVERSION = YES;
				CLANG_WARN_OBJC_ROOT_CLASS = YES_ERROR;
				CLANG_WARN_RANGE_LOOP_ANALYSIS = YES;
				CLANG_WARN_STRICT_PROTOTYPES = YES;
				CLANG_WARN_SUSPICIOUS_MOVE = YES;
				CLANG_WARN_UNGUARDED_AVAILABILITY = YES_AGGRESSIVE;
				CLANG_WARN_UNREACHABLE_CODE = YES;
				CLANG_WARN__DUPLICATE_METHOD_MATCH = YES;
				COPY_PHASE_STRIP = NO;
				DEBUG_INFORMATION_FORMAT = dwarf;
				ENABLE_STRICT_OBJC_MSGSEND = YES;
				ENABLE_TESTABILITY = YES;
				GCC_C_LANGUAGE_STANDARD = gnu11;
				GCC_DYNAMIC_NO_PIC = NO;
				GCC_NO_COMMON_BLOCKS = YES;
				GCC_OPTIMIZATION_LEVEL = 0;
				GCC_PREPROCESSOR_DEFINITIONS = (
					"DEBUG=1",
					"$(inherited)",
				);
				GCC_WARN_64_TO_32_BIT_CONVERSION = YES;
				GCC_WARN_ABOUT_RETURN_TYPE = YES_ERROR;
				GCC_WARN_UNDECLARED_SELECTOR = YES;
				GCC_WARN_UNINITIALIZED_AUTOS = YES_AGGRESSIVE;
				GCC_WARN_UNUSED_FUNCTION = YES;
				GCC_WARN_UNUSED_VARIABLE = YES;
				IPHONEOS_DEPLOYMENT_TARGET = 13.4;
				MTL_ENABLE_DEBUG_INFO = INCLUDE_SOURCE;
				MTL_FAST_MATH = YES;
				ONLY_ACTIVE_ARCH = YES;
				SDKROOT = iphoneos;
				SWIFT_ACTIVE_COMPILATION_CONDITIONS = DEBUG;
				SWIFT_OPTIMIZATION_LEVEL = "-Onone";
			};
			name = Debug;
		};
		5389A8C02460EE6F005BED68 /* Release */ = {
			isa = XCBuildConfiguration;
			buildSettings = {
				ALWAYS_SEARCH_USER_PATHS = NO;
				CLANG_ANALYZER_NONNULL = YES;
				CLANG_ANALYZER_NUMBER_OBJECT_CONVERSION = YES_AGGRESSIVE;
				CLANG_CXX_LANGUAGE_STANDARD = "gnu++14";
				CLANG_CXX_LIBRARY = "libc++";
				CLANG_ENABLE_MODULES = YES;
				CLANG_ENABLE_OBJC_ARC = YES;
				CLANG_ENABLE_OBJC_WEAK = YES;
				CLANG_WARN_BLOCK_CAPTURE_AUTORELEASING = YES;
				CLANG_WARN_BOOL_CONVERSION = YES;
				CLANG_WARN_COMMA = YES;
				CLANG_WARN_CONSTANT_CONVERSION = YES;
				CLANG_WARN_DEPRECATED_OBJC_IMPLEMENTATIONS = YES;
				CLANG_WARN_DIRECT_OBJC_ISA_USAGE = YES_ERROR;
				CLANG_WARN_DOCUMENTATION_COMMENTS = YES;
				CLANG_WARN_EMPTY_BODY = YES;
				CLANG_WARN_ENUM_CONVERSION = YES;
				CLANG_WARN_INFINITE_RECURSION = YES;
				CLANG_WARN_INT_CONVERSION = YES;
				CLANG_WARN_NON_LITERAL_NULL_CONVERSION = YES;
				CLANG_WARN_OBJC_IMPLICIT_RETAIN_SELF = YES;
				CLANG_WARN_OBJC_LITERAL_CONVERSION = YES;
				CLANG_WARN_OBJC_ROOT_CLASS = YES_ERROR;
				CLANG_WARN_RANGE_LOOP_ANALYSIS = YES;
				CLANG_WARN_STRICT_PROTOTYPES = YES;
				CLANG_WARN_SUSPICIOUS_MOVE = YES;
				CLANG_WARN_UNGUARDED_AVAILABILITY = YES_AGGRESSIVE;
				CLANG_WARN_UNREACHABLE_CODE = YES;
				CLANG_WARN__DUPLICATE_METHOD_MATCH = YES;
				COPY_PHASE_STRIP = NO;
				DEBUG_INFORMATION_FORMAT = "dwarf-with-dsym";
				ENABLE_NS_ASSERTIONS = NO;
				ENABLE_STRICT_OBJC_MSGSEND = YES;
				GCC_C_LANGUAGE_STANDARD = gnu11;
				GCC_NO_COMMON_BLOCKS = YES;
				GCC_WARN_64_TO_32_BIT_CONVERSION = YES;
				GCC_WARN_ABOUT_RETURN_TYPE = YES_ERROR;
				GCC_WARN_UNDECLARED_SELECTOR = YES;
				GCC_WARN_UNINITIALIZED_AUTOS = YES_AGGRESSIVE;
				GCC_WARN_UNUSED_FUNCTION = YES;
				GCC_WARN_UNUSED_VARIABLE = YES;
				IPHONEOS_DEPLOYMENT_TARGET = 13.4;
				MTL_ENABLE_DEBUG_INFO = NO;
				MTL_FAST_MATH = YES;
				SDKROOT = iphoneos;
				SWIFT_COMPILATION_MODE = wholemodule;
				SWIFT_OPTIMIZATION_LEVEL = "-O";
				VALIDATE_PRODUCT = YES;
			};
			name = Release;
		};
		5389A8C22460EE6F005BED68 /* Debug */ = {
			isa = XCBuildConfiguration;
			buildSettings = {
				ASSETCATALOG_COMPILER_APPICON_NAME = AppIcon;
				CODE_SIGN_STYLE = Automatic;
				DEVELOPMENT_TEAM = 557UDD5Z8P;
				INFOPLIST_FILE = "Day23-Challenge/Info.plist";
				LD_RUNPATH_SEARCH_PATHS = (
					"$(inherited)",
					"@executable_path/Frameworks",
				);
				PRODUCT_BUNDLE_IDENTIFIER = "dev.rafaeldias.Day23-Challenge";
				PRODUCT_NAME = "$(TARGET_NAME)";
				SWIFT_VERSION = 5.0;
				TARGETED_DEVICE_FAMILY = 1;
			};
			name = Debug;
		};
		5389A8C32460EE6F005BED68 /* Release */ = {
			isa = XCBuildConfiguration;
			buildSettings = {
				ASSETCATALOG_COMPILER_APPICON_NAME = AppIcon;
				CODE_SIGN_STYLE = Automatic;
				DEVELOPMENT_TEAM = 557UDD5Z8P;
				INFOPLIST_FILE = "Day23-Challenge/Info.plist";
				LD_RUNPATH_SEARCH_PATHS = (
					"$(inherited)",
					"@executable_path/Frameworks",
				);
				PRODUCT_BUNDLE_IDENTIFIER = "dev.rafaeldias.Day23-Challenge";
				PRODUCT_NAME = "$(TARGET_NAME)";
				SWIFT_VERSION = 5.0;
				TARGETED_DEVICE_FAMILY = 1;
			};
			name = Release;
		};
/* End XCBuildConfiguration section */

/* Begin XCConfigurationList section */
		5389A8A82460EE6B005BED68 /* Build configuration list for PBXProject "Day23-Challenge" */ = {
			isa = XCConfigurationList;
			buildConfigurations = (
				5389A8BF2460EE6F005BED68 /* Debug */,
				5389A8C02460EE6F005BED68 /* Release */,
			);
			defaultConfigurationIsVisible = 0;
			defaultConfigurationName = Release;
		};
		5389A8C12460EE6F005BED68 /* Build configuration list for PBXNativeTarget "Day23-Challenge" */ = {
			isa = XCConfigurationList;
			buildConfigurations = (
				5389A8C22460EE6F005BED68 /* Debug */,
				5389A8C32460EE6F005BED68 /* Release */,
			);
			defaultConfigurationIsVisible = 0;
			defaultConfigurationName = Release;
		};
/* End XCConfigurationList section */
	};
	rootObject = 5389A8A52460EE6B005BED68 /* Project object */;
}
