// !$*UTF8*$!
{
	archiveVersion = 1;
	classes = {
	};
	objectVersion = 50;
	objects = {

/* Begin PBXBuildFile section */
		532B03112468CB16009154FA /* AppDelegate.swift in Sources */ = {isa = PBXBuildFile; fileRef = 532B03102468CB16009154FA /* AppDelegate.swift */; };
		532B03132468CB16009154FA /* SceneDelegate.swift in Sources */ = {isa = PBXBuildFile; fileRef = 532B03122468CB16009154FA /* SceneDelegate.swift */; };
		532B03152468CB16009154FA /* ViewController.swift in Sources */ = {isa = PBXBuildFile; fileRef = 532B03142468CB16009154FA /* ViewController.swift */; };
		532B03182468CB16009154FA /* Main.storyboard in Resources */ = {isa = PBXBuildFile; fileRef = 532B03162468CB16009154FA /* Main.storyboard */; };
		532B031A2468CB1A009154FA /* Assets.xcassets in Resources */ = {isa = PBXBuildFile; fileRef = 532B03192468CB1A009154FA /* Assets.xcassets */; };
		532B031D2468CB1A009154FA /* LaunchScreen.storyboard in Resources */ = {isa = PBXBuildFile; fileRef = 532B031B2468CB1A009154FA /* LaunchScreen.storyboard */; };
		532B03252468CCB9009154FA /* start.txt in Resources */ = {isa = PBXBuildFile; fileRef = 532B03242468CCB9009154FA /* start.txt */; };
/* End PBXBuildFile section */

/* Begin PBXFileReference section */
		532B030D2468CB16009154FA /* Projetc05.app */ = {isa = PBXFileReference; explicitFileType = wrapper.application; includeInIndex = 0; path = Projetc05.app; sourceTree = BUILT_PRODUCTS_DIR; };
		532B03102468CB16009154FA /* AppDelegate.swift */ = {isa = PBXFileReference; lastKnownFileType = sourcecode.swift; path = AppDelegate.swift; sourceTree = "<group>"; };
		532B03122468CB16009154FA /* SceneDelegate.swift */ = {isa = PBXFileReference; lastKnownFileType = sourcecode.swift; path = SceneDelegate.swift; sourceTree = "<group>"; };
		532B03142468CB16009154FA /* ViewController.swift */ = {isa = PBXFileReference; lastKnownFileType = sourcecode.swift; path = ViewController.swift; sourceTree = "<group>"; };
		532B03172468CB16009154FA /* Base */ = {isa = PBXFileReference; lastKnownFileType = file.storyboard; name = Base; path = Base.lproj/Main.storyboard; sourceTree = "<group>"; };
		532B03192468CB1A009154FA /* Assets.xcassets */ = {isa = PBXFileReference; lastKnownFileType = folder.assetcatalog; path = Assets.xcassets; sourceTree = "<group>"; };
		532B031C2468CB1A009154FA /* Base */ = {isa = PBXFileReference; lastKnownFileType = file.storyboard; name = Base; path = Base.lproj/LaunchScreen.storyboard; sourceTree = "<group>"; };
		532B031E2468CB1A009154FA /* Info.plist */ = {isa = PBXFileReference; lastKnownFileType = text.plist.xml; path = Info.plist; sourceTree = "<group>"; };
		532B03242468CCB9009154FA /* start.txt */ = {isa = PBXFileReference; fileEncoding = 4; lastKnownFileType = text; path = start.txt; sourceTree = "<group>"; };
/* End PBXFileReference section */

/* Begin PBXFrameworksBuildPhase section */
		532B030A2468CB16009154FA /* Frameworks */ = {
			isa = PBXFrameworksBuildPhase;
			buildActionMask = 2147483647;
			files = (
			);
			runOnlyForDeploymentPostprocessing = 0;
		};
/* End PBXFrameworksBuildPhase section */

/* Begin PBXGroup section */
		532B03042468CB16009154FA = {
			isa = PBXGroup;
			children = (
				532B030F2468CB16009154FA /* Projetc05 */,
				532B030E2468CB16009154FA /* Products */,
			);
			sourceTree = "<group>";
		};
		532B030E2468CB16009154FA /* Products */ = {
			isa = PBXGroup;
			children = (
				532B030D2468CB16009154FA /* Projetc05.app */,
			);
			name = Products;
			sourceTree = "<group>";
		};
		532B030F2468CB16009154FA /* Projetc05 */ = {
			isa = PBXGroup;
			children = (
				532B03102468CB16009154FA /* AppDelegate.swift */,
				532B03122468CB16009154FA /* SceneDelegate.swift */,
				532B03142468CB16009154FA /* ViewController.swift */,
				532B03162468CB16009154FA /* Main.storyboard */,
				532B03192468CB1A009154FA /* Assets.xcassets */,
				532B031B2468CB1A009154FA /* LaunchScreen.storyboard */,
				532B031E2468CB1A009154FA /* Info.plist */,
				532B03242468CCB9009154FA /* start.txt */,
			);
			path = Projetc05;
			sourceTree = "<group>";
		};
/* End PBXGroup section */

/* Begin PBXNativeTarget section */
		532B030C2468CB16009154FA /* Projetc05 */ = {
			isa = PBXNativeTarget;
			buildConfigurationList = 532B03212468CB1A009154FA /* Build configuration list for PBXNativeTarget "Projetc05" */;
			buildPhases = (
				532B03092468CB16009154FA /* Sources */,
				532B030A2468CB16009154FA /* Frameworks */,
				532B030B2468CB16009154FA /* Resources */,
			);
			buildRules = (
			);
			dependencies = (
			);
			name = Projetc05;
			productName = Projetc05;
			productReference = 532B030D2468CB16009154FA /* Projetc05.app */;
			productType = "com.apple.product-type.application";
		};
/* End PBXNativeTarget section */

/* Begin PBXProject section */
		532B03052468CB16009154FA /* Project object */ = {
			isa = PBXProject;
			attributes = {
				LastSwiftUpdateCheck = 1140;
				LastUpgradeCheck = 1140;
				ORGANIZATIONNAME = "Rafael Dias";
				TargetAttributes = {
					532B030C2468CB16009154FA = {
						CreatedOnToolsVersion = 11.4.1;
					};
				};
			};
			buildConfigurationList = 532B03082468CB16009154FA /* Build configuration list for PBXProject "Projetc05" */;
			compatibilityVersion = "Xcode 9.3";
			developmentRegion = en;
			hasScannedForEncodings = 0;
			knownRegions = (
				en,
				Base,
			);
			mainGroup = 532B03042468CB16009154FA;
			productRefGroup = 532B030E2468CB16009154FA /* Products */;
			projectDirPath = "";
			projectRoot = "";
			targets = (
				532B030C2468CB16009154FA /* Projetc05 */,
			);
		};
/* End PBXProject section */

/* Begin PBXResourcesBuildPhase section */
		532B030B2468CB16009154FA /* Resources */ = {
			isa = PBXResourcesBuildPhase;
			buildActionMask = 2147483647;
			files = (
				532B031D2468CB1A009154FA /* LaunchScreen.storyboard in Resources */,
				532B03252468CCB9009154FA /* start.txt in Resources */,
				532B031A2468CB1A009154FA /* Assets.xcassets in Resources */,
				532B03182468CB16009154FA /* Main.storyboard in Resources */,
			);
			runOnlyForDeploymentPostprocessing = 0;
		};
/* End PBXResourcesBuildPhase section */

/* Begin PBXSourcesBuildPhase section */
		532B03092468CB16009154FA /* Sources */ = {
			isa = PBXSourcesBuildPhase;
			buildActionMask = 2147483647;
			files = (
				532B03152468CB16009154FA /* ViewController.swift in Sources */,
				532B03112468CB16009154FA /* AppDelegate.swift in Sources */,
				532B03132468CB16009154FA /* SceneDelegate.swift in Sources */,
			);
			runOnlyForDeploymentPostprocessing = 0;
		};
/* End PBXSourcesBuildPhase section */

/* Begin PBXVariantGroup section */
		532B03162468CB16009154FA /* Main.storyboard */ = {
			isa = PBXVariantGroup;
			children = (
				532B03172468CB16009154FA /* Base */,
			);
			name = Main.storyboard;
			sourceTree = "<group>";
		};
		532B031B2468CB1A009154FA /* LaunchScreen.storyboard */ = {
			isa = PBXVariantGroup;
			children = (
				532B031C2468CB1A009154FA /* Base */,
			);
			name = LaunchScreen.storyboard;
			sourceTree = "<group>";
		};
/* End PBXVariantGroup section */

/* Begin XCBuildConfiguration section */
		532B031F2468CB1A009154FA /* Debug */ = {
			isa = XCBuildConfiguration;
			buildSettings = {
				ALWAYS_SEARCH_USER_PATHS = NO;
				CLANG_ANALYZER_NONNULL = YES;
				CLANG_ANALYZER_NUMBER_OBJECT_CONVERSION = YES_AGGRESSIVE;
				CLANG_CXX_LANGUAGE_STANDARD = "gnu++14";
				CLANG_CXX_LIBRARY = "libc++";
				CLANG_ENABLE_MODULES = YES;
				CLANG_ENABLE_OBJC_ARC = YES;
				CLANG_ENABLE_OBJC_WEAK = YES;
				CLANG_WARN_BLOCK_CAPTURE_AUTORELEASING = YES;
				CLANG_WARN_BOOL_CONVERSION = YES;
				CLANG_WARN_COMMA = YES;
				CLANG_WARN_CONSTANT_CONVERSION = YES;
				CLANG_WARN_DEPRECATED_OBJC_IMPLEMENTATIONS = YES;
				CLANG_WARN_DIRECT_OBJC_ISA_USAGE = YES_ERROR;
				CLANG_WARN_DOCUMENTATION_COMMENTS = YES;
				CLANG_WARN_EMPTY_BODY = YES;
				CLANG_WARN_ENUM_CONVERSION = YES;
				CLANG_WARN_INFINITE_RECURSION = YES;
				CLANG_WARN_INT_CONVERSION = YES;
				CLANG_WARN_NON_LITERAL_NULL_CONVERSION = YES;
				CLANG_WARN_OBJC_IMPLICIT_RETAIN_SELF = YES;
				CLANG_WARN_OBJC_LITERAL_CONVERSION = YES;
				CLANG_WARN_OBJC_ROOT_CLASS = YES_ERROR;
				CLANG_WARN_RANGE_LOOP_ANALYSIS = YES;
				CLANG_WARN_STRICT_PROTOTYPES = YES;
				CLANG_WARN_SUSPICIOUS_MOVE = YES;
				CLANG_WARN_UNGUARDED_AVAILABILITY = YES_AGGRESSIVE;
				CLANG_WARN_UNREACHABLE_CODE = YES;
				CLANG_WARN__DUPLICATE_METHOD_MATCH = YES;
				COPY_PHASE_STRIP = NO;
				DEBUG_INFORMATION_FORMAT = dwarf;
				ENABLE_STRICT_OBJC_MSGSEND = YES;
				ENABLE_TESTABILITY = YES;
				GCC_C_LANGUAGE_STANDARD = gnu11;
				GCC_DYNAMIC_NO_PIC = NO;
				GCC_NO_COMMON_BLOCKS = YES;
				GCC_OPTIMIZATION_LEVEL = 0;
				GCC_PREPROCESSOR_DEFINITIONS = (
					"DEBUG=1",
					"$(inherited)",
				);
				GCC_WARN_64_TO_32_BIT_CONVERSION = YES;
				GCC_WARN_ABOUT_RETURN_TYPE = YES_ERROR;
				GCC_WARN_UNDECLARED_SELECTOR = YES;
				GCC_WARN_UNINITIALIZED_AUTOS = YES_AGGRESSIVE;
				GCC_WARN_UNUSED_FUNCTION = YES;
				GCC_WARN_UNUSED_VARIABLE = YES;
				IPHONEOS_DEPLOYMENT_TARGET = 13.4;
				MTL_ENABLE_DEBUG_INFO = INCLUDE_SOURCE;
				MTL_FAST_MATH = YES;
				ONLY_ACTIVE_ARCH = YES;
				SDKROOT = iphoneos;
				SWIFT_ACTIVE_COMPILATION_CONDITIONS = DEBUG;
				SWIFT_OPTIMIZATION_LEVEL = "-Onone";
			};
			name = Debug;
		};
		532B03202468CB1A009154FA /* Release */ = {
			isa = XCBuildConfiguration;
			buildSettings = {
				ALWAYS_SEARCH_USER_PATHS = NO;
				CLANG_ANALYZER_NONNULL = YES;
				CLANG_ANALYZER_NUMBER_OBJECT_CONVERSION = YES_AGGRESSIVE;
				CLANG_CXX_LANGUAGE_STANDARD = "gnu++14";
				CLANG_CXX_LIBRARY = "libc++";
				CLANG_ENABLE_MODULES = YES;
				CLANG_ENABLE_OBJC_ARC = YES;
				CLANG_ENABLE_OBJC_WEAK = YES;
				CLANG_WARN_BLOCK_CAPTURE_AUTORELEASING = YES;
				CLANG_WARN_BOOL_CONVERSION = YES;
				CLANG_WARN_COMMA = YES;
				CLANG_WARN_CONSTANT_CONVERSION = YES;
				CLANG_WARN_DEPRECATED_OBJC_IMPLEMENTATIONS = YES;
				CLANG_WARN_DIRECT_OBJC_ISA_USAGE = YES_ERROR;
				CLANG_WARN_DOCUMENTATION_COMMENTS = YES;
				CLANG_WARN_EMPTY_BODY = YES;
				CLANG_WARN_ENUM_CONVERSION = YES;
				CLANG_WARN_INFINITE_RECURSION = YES;
				CLANG_WARN_INT_CONVERSION = YES;
				CLANG_WARN_NON_LITERAL_NULL_CONVERSION = YES;
				CLANG_WARN_OBJC_IMPLICIT_RETAIN_SELF = YES;
				CLANG_WARN_OBJC_LITERAL_CONVERSION = YES;
				CLANG_WARN_OBJC_ROOT_CLASS = YES_ERROR;
				CLANG_WARN_RANGE_LOOP_ANALYSIS = YES;
				CLANG_WARN_STRICT_PROTOTYPES = YES;
				CLANG_WARN_SUSPICIOUS_MOVE = YES;
				CLANG_WARN_UNGUARDED_AVAILABILITY = YES_AGGRESSIVE;
				CLANG_WARN_UNREACHABLE_CODE = YES;
				CLANG_WARN__DUPLICATE_METHOD_MATCH = YES;
				COPY_PHASE_STRIP = NO;
				DEBUG_INFORMATION_FORMAT = "dwarf-with-dsym";
				ENABLE_NS_ASSERTIONS = NO;
				ENABLE_STRICT_OBJC_MSGSEND = YES;
				GCC_C_LANGUAGE_STANDARD = gnu11;
				GCC_NO_COMMON_BLOCKS = YES;
				GCC_WARN_64_TO_32_BIT_CONVERSION = YES;
				GCC_WARN_ABOUT_RETURN_TYPE = YES_ERROR;
				GCC_WARN_UNDECLARED_SELECTOR = YES;
				GCC_WARN_UNINITIALIZED_AUTOS = YES_AGGRESSIVE;
				GCC_WARN_UNUSED_FUNCTION = YES;
				GCC_WARN_UNUSED_VARIABLE = YES;
				IPHONEOS_DEPLOYMENT_TARGET = 13.4;
				MTL_ENABLE_DEBUG_INFO = NO;
				MTL_FAST_MATH = YES;
				SDKROOT = iphoneos;
				SWIFT_COMPILATION_MODE = wholemodule;
				SWIFT_OPTIMIZATION_LEVEL = "-O";
				VALIDATE_PRODUCT = YES;
			};
			name = Release;
		};
		532B03222468CB1A009154FA /* Debug */ = {
			isa = XCBuildConfiguration;
			buildSettings = {
				ASSETCATALOG_COMPILER_APPICON_NAME = AppIcon;
				CODE_SIGN_STYLE = Automatic;
				DEVELOPMENT_TEAM = 557UDD5Z8P;
				INFOPLIST_FILE = Projetc05/Info.plist;
				LD_RUNPATH_SEARCH_PATHS = (
					"$(inherited)",
					"@executable_path/Frameworks",
				);
				PRODUCT_BUNDLE_IDENTIFIER = dev.rafaeldias.Projetc05;
				PRODUCT_NAME = "$(TARGET_NAME)";
				SWIFT_VERSION = 5.0;
				TARGETED_DEVICE_FAMILY = "1,2";
			};
			name = Debug;
		};
		532B03232468CB1A009154FA /* Release */ = {
			isa = XCBuildConfiguration;
			buildSettings = {
				ASSETCATALOG_COMPILER_APPICON_NAME = AppIcon;
				CODE_SIGN_STYLE = Automatic;
				DEVELOPMENT_TEAM = 557UDD5Z8P;
				INFOPLIST_FILE = Projetc05/Info.plist;
				LD_RUNPATH_SEARCH_PATHS = (
					"$(inherited)",
					"@executable_path/Frameworks",
				);
				PRODUCT_BUNDLE_IDENTIFIER = dev.rafaeldias.Projetc05;
				PRODUCT_NAME = "$(TARGET_NAME)";
				SWIFT_VERSION = 5.0;
				TARGETED_DEVICE_FAMILY = "1,2";
			};
			name = Release;
		};
/* End XCBuildConfiguration section */

/* Begin XCConfigurationList section */
		532B03082468CB16009154FA /* Build configuration list for PBXProject "Projetc05" */ = {
			isa = XCConfigurationList;
			buildConfigurations = (
				532B031F2468CB1A009154FA /* Debug */,
				532B03202468CB1A009154FA /* Release */,
			);
			defaultConfigurationIsVisible = 0;
			defaultConfigurationName = Release;
		};
		532B03212468CB1A009154FA /* Build configuration list for PBXNativeTarget "Projetc05" */ = {
			isa = XCConfigurationList;
			buildConfigurations = (
				532B03222468CB1A009154FA /* Debug */,
				532B03232468CB1A009154FA /* Release */,
			);
			defaultConfigurationIsVisible = 0;
			defaultConfigurationName = Release;
		};
/* End XCConfigurationList section */
	};
	rootObject = 532B03052468CB16009154FA /* Project object */;
}
